
Microsoft Visual Studio Solution File, Format Version 12.00
Project("{FAE04EC0-301F-11D3-BF4B-00C04F79EFBC}") = "Api", "Api\Api.csproj", "{2F51AD6A-3B8C-4C14-B298-B809A2C6CE2D}"
EndProject
Project("{2150E333-8FDC-42A3-9474-1A3956D46DE8}") = "Solution Items", "Solution Items", "{3C526FA3-03F4-4971-8C09-CEF8771F5919}"
	ProjectSection(SolutionItems) = preProject
		PublishAzureMonitor.ps1 = PublishAzureMonitor.ps1
		AppInsights.cs = AppInsights.cs
		compose.yaml = compose.yaml
		CreateDatabase.ps1 = CreateDatabase.ps1
		Directory.Build.props = Directory.Build.props
		nuget.config = nuget.config
	EndProjectSection
EndProject
Project("{FAE04EC0-301F-11D3-BF4B-00C04F79EFBC}") = "WpfApp", "WpfApp\WpfApp.csproj", "{C1A25B7B-594B-4010-9E84-182DEE3938D4}"
EndProject
Global
	GlobalSection(SolutionConfigurationPlatforms) = preSolution
		Debug|Any CPU = Debug|Any CPU
		Release|Any CPU = Release|Any CPU
	EndGlobalSection
	GlobalSection(ProjectConfigurationPlatforms) = postSolution
		{2F51AD6A-3B8C-4C14-B298-B809A2C6CE2D}.Debug|Any CPU.ActiveCfg = Debug|Any CPU
		{2F51AD6A-3B8C-4C14-B298-B809A2C6CE2D}.Debug|Any CPU.Build.0 = Debug|Any CPU
		{2F51AD6A-3B8C-4C14-B298-B809A2C6CE2D}.Release|Any CPU.ActiveCfg = Release|Any CPU
		{2F51AD6A-3B8C-4C14-B298-B809A2C6CE2D}.Release|Any CPU.Build.0 = Release|Any CPU
		{C1A25B7B-594B-4010-9E84-182DEE3938D4}.Debug|Any CPU.ActiveCfg = Debug|Any CPU
		{C1A25B7B-594B-4010-9E84-182DEE3938D4}.Debug|Any CPU.Build.0 = Debug|Any CPU
		{C1A25B7B-594B-4010-9E84-182DEE3938D4}.Release|Any CPU.ActiveCfg = Release|Any CPU
		{C1A25B7B-594B-4010-9E84-182DEE3938D4}.Release|Any CPU.Build.0 = Release|Any CPU
	EndGlobalSection
	GlobalSection(NestedProjects) = preSolution
	EndGlobalSection
EndGlobal
